// !$*UTF8*$!
{
	archiveVersion = 1;
	classes = {
	};
	objectVersion = 46;
	objects = {

/* Begin PBXBuildFile section */
		212086EC1D9602B200C6DB62 /* IFUnicodeURL.framework in Frameworks */ = {isa = PBXBuildFile; fileRef = 212086E21D9602B200C6DB62 /* IFUnicodeURL.framework */; };
		212086F11D9602B200C6DB62 /* IFUnicodeURLTests.m in Sources */ = {isa = PBXBuildFile; fileRef = 212086F01D9602B200C6DB62 /* IFUnicodeURLTests.m */; };
		212086F31D9602B200C6DB62 /* IFUnicodeURL.h in Headers */ = {isa = PBXBuildFile; fileRef = 212086E51D9602B200C6DB62 /* IFUnicodeURL.h */; settings = {ATTRIBUTES = (Public, ); }; };
		212086FE1D9602D400C6DB62 /* NSURL+IFUnicodeURL.h in Headers */ = {isa = PBXBuildFile; fileRef = 212086FC1D9602D400C6DB62 /* NSURL+IFUnicodeURL.h */; };
		212086FF1D9602D400C6DB62 /* NSURL+IFUnicodeURL.m in Sources */ = {isa = PBXBuildFile; fileRef = 212086FD1D9602D400C6DB62 /* NSURL+IFUnicodeURL.m */; };
/* End PBXBuildFile section */

/* Begin PBXContainerItemProxy section */
		212086ED1D9602B200C6DB62 /* PBXContainerItemProxy */ = {
			isa = PBXContainerItemProxy;
			containerPortal = 212086D91D9602B200C6DB62 /* Project object */;
			proxyType = 1;
			remoteGlobalIDString = 212086E11D9602B200C6DB62;
			remoteInfo = IFUnicodeURL;
		};
/* End PBXContainerItemProxy section */

/* Begin PBXFileReference section */
		212086E21D9602B200C6DB62 /* IFUnicodeURL.framework */ = {isa = PBXFileReference; explicitFileType = wrapper.framework; includeInIndex = 0; path = IFUnicodeURL.framework; sourceTree = BUILT_PRODUCTS_DIR; };
		212086E51D9602B200C6DB62 /* IFUnicodeURL.h */ = {isa = PBXFileReference; lastKnownFileType = sourcecode.c.h; path = IFUnicodeURL.h; sourceTree = "<group>"; };
		212086E61D9602B200C6DB62 /* Info.plist */ = {isa = PBXFileReference; lastKnownFileType = text.plist.xml; path = Info.plist; sourceTree = "<group>"; };
		212086EB1D9602B200C6DB62 /* IFUnicodeURLTests.xctest */ = {isa = PBXFileReference; explicitFileType = wrapper.cfbundle; includeInIndex = 0; path = IFUnicodeURLTests.xctest; sourceTree = BUILT_PRODUCTS_DIR; };
		212086F01D9602B200C6DB62 /* IFUnicodeURLTests.m */ = {isa = PBXFileReference; lastKnownFileType = sourcecode.c.objc; path = IFUnicodeURLTests.m; sourceTree = "<group>"; };
		212086F21D9602B200C6DB62 /* Info.plist */ = {isa = PBXFileReference; lastKnownFileType = text.plist.xml; path = Info.plist; sourceTree = "<group>"; };
		212086FC1D9602D400C6DB62 /* NSURL+IFUnicodeURL.h */ = {isa = PBXFileReference; fileEncoding = 4; lastKnownFileType = sourcecode.c.h; name = "NSURL+IFUnicodeURL.h"; path = "../../../IFUnicodeURL/IFUnicodeURL/NSURL+IFUnicodeURL.h"; sourceTree = "<group>"; };
		212086FD1D9602D400C6DB62 /* NSURL+IFUnicodeURL.m */ = {isa = PBXFileReference; fileEncoding = 4; lastKnownFileType = sourcecode.c.objc; name = "NSURL+IFUnicodeURL.m"; path = "../../../IFUnicodeURL/IFUnicodeURL/NSURL+IFUnicodeURL.m"; sourceTree = "<group>"; };
/* End PBXFileReference section */

/* Begin PBXFrameworksBuildPhase section */
		212086DE1D9602B200C6DB62 /* Frameworks */ = {
			isa = PBXFrameworksBuildPhase;
			buildActionMask = 2147483647;
			files = (
			);
			runOnlyForDeploymentPostprocessing = 0;
		};
		212086E81D9602B200C6DB62 /* Frameworks */ = {
			isa = PBXFrameworksBuildPhase;
			buildActionMask = 2147483647;
			files = (
				212086EC1D9602B200C6DB62 /* IFUnicodeURL.framework in Frameworks */,
			);
			runOnlyForDeploymentPostprocessing = 0;
		};
/* End PBXFrameworksBuildPhase section */

/* Begin PBXGroup section */
		212086D81D9602B200C6DB62 = {
			isa = PBXGroup;
			children = (
				212086E41D9602B200C6DB62 /* IFUnicodeURL */,
				212086EF1D9602B200C6DB62 /* IFUnicodeURLTests */,
				212086E31D9602B200C6DB62 /* Products */,
			);
			sourceTree = "<group>";
		};
		212086E31D9602B200C6DB62 /* Products */ = {
			isa = PBXGroup;
			children = (
				212086E21D9602B200C6DB62 /* IFUnicodeURL.framework */,
				212086EB1D9602B200C6DB62 /* IFUnicodeURLTests.xctest */,
			);
			name = Products;
			sourceTree = "<group>";
		};
		212086E41D9602B200C6DB62 /* IFUnicodeURL */ = {
			isa = PBXGroup;
			children = (
				212086E51D9602B200C6DB62 /* IFUnicodeURL.h */,
				212086FC1D9602D400C6DB62 /* NSURL+IFUnicodeURL.h */,
				212086FD1D9602D400C6DB62 /* NSURL+IFUnicodeURL.m */,
				212086E61D9602B200C6DB62 /* Info.plist */,
			);
			path = IFUnicodeURL;
			sourceTree = "<group>";
		};
		212086EF1D9602B200C6DB62 /* IFUnicodeURLTests */ = {
			isa = PBXGroup;
			children = (
				212086F01D9602B200C6DB62 /* IFUnicodeURLTests.m */,
				212086F21D9602B200C6DB62 /* Info.plist */,
			);
			path = IFUnicodeURLTests;
			sourceTree = "<group>";
		};
/* End PBXGroup section */

/* Begin PBXHeadersBuildPhase section */
		212086DF1D9602B200C6DB62 /* Headers */ = {
			isa = PBXHeadersBuildPhase;
			buildActionMask = 2147483647;
			files = (
				212086FE1D9602D400C6DB62 /* NSURL+IFUnicodeURL.h in Headers */,
				212086F31D9602B200C6DB62 /* IFUnicodeURL.h in Headers */,
			);
			runOnlyForDeploymentPostprocessing = 0;
		};
/* End PBXHeadersBuildPhase section */

/* Begin PBXNativeTarget section */
		212086E11D9602B200C6DB62 /* IFUnicodeURL */ = {
			isa = PBXNativeTarget;
			buildConfigurationList = 212086F61D9602B200C6DB62 /* Build configuration list for PBXNativeTarget "IFUnicodeURL" */;
			buildPhases = (
				212086DD1D9602B200C6DB62 /* Sources */,
				212086DE1D9602B200C6DB62 /* Frameworks */,
				212086DF1D9602B200C6DB62 /* Headers */,
				212086E01D9602B200C6DB62 /* Resources */,
			);
			buildRules = (
			);
			dependencies = (
			);
			name = IFUnicodeURL;
			productName = IFUnicodeURL;
			productReference = 212086E21D9602B200C6DB62 /* IFUnicodeURL.framework */;
			productType = "com.apple.product-type.framework";
		};
		212086EA1D9602B200C6DB62 /* IFUnicodeURLTests */ = {
			isa = PBXNativeTarget;
			buildConfigurationList = 212086F91D9602B200C6DB62 /* Build configuration list for PBXNativeTarget "IFUnicodeURLTests" */;
			buildPhases = (
				212086E71D9602B200C6DB62 /* Sources */,
				212086E81D9602B200C6DB62 /* Frameworks */,
				212086E91D9602B200C6DB62 /* Resources */,
			);
			buildRules = (
			);
			dependencies = (
				212086EE1D9602B200C6DB62 /* PBXTargetDependency */,
			);
			name = IFUnicodeURLTests;
			productName = IFUnicodeURLTests;
			productReference = 212086EB1D9602B200C6DB62 /* IFUnicodeURLTests.xctest */;
			productType = "com.apple.product-type.bundle.unit-test";
		};
/* End PBXNativeTarget section */

/* Begin PBXProject section */
		212086D91D9602B200C6DB62 /* Project object */ = {
			isa = PBXProject;
			attributes = {
				LastUpgradeCheck = 0800;
				ORGANIZATIONNAME = "John Brayton";
				TargetAttributes = {
					212086E11D9602B200C6DB62 = {
						CreatedOnToolsVersion = 8.0;
						DevelopmentTeam = 372S63A2R8;
						ProvisioningStyle = Automatic;
					};
					212086EA1D9602B200C6DB62 = {
						CreatedOnToolsVersion = 8.0;
						DevelopmentTeam = 372S63A2R8;
						ProvisioningStyle = Automatic;
					};
				};
			};
			buildConfigurationList = 212086DC1D9602B200C6DB62 /* Build configuration list for PBXProject "IFUnicodeURL" */;
			compatibilityVersion = "Xcode 3.2";
			developmentRegion = English;
			hasScannedForEncodings = 0;
			knownRegions = (
				en,
			);
			mainGroup = 212086D81D9602B200C6DB62;
			productRefGroup = 212086E31D9602B200C6DB62 /* Products */;
			projectDirPath = "";
			projectRoot = "";
			targets = (
				212086E11D9602B200C6DB62 /* IFUnicodeURL */,
				212086EA1D9602B200C6DB62 /* IFUnicodeURLTests */,
			);
		};
/* End PBXProject section */

/* Begin PBXResourcesBuildPhase section */
		212086E01D9602B200C6DB62 /* Resources */ = {
			isa = PBXResourcesBuildPhase;
			buildActionMask = 2147483647;
			files = (
			);
			runOnlyForDeploymentPostprocessing = 0;
		};
		212086E91D9602B200C6DB62 /* Resources */ = {
			isa = PBXResourcesBuildPhase;
			buildActionMask = 2147483647;
			files = (
			);
			runOnlyForDeploymentPostprocessing = 0;
		};
/* End PBXResourcesBuildPhase section */

/* Begin PBXSourcesBuildPhase section */
		212086DD1D9602B200C6DB62 /* Sources */ = {
			isa = PBXSourcesBuildPhase;
			buildActionMask = 2147483647;
			files = (
				212086FF1D9602D400C6DB62 /* NSURL+IFUnicodeURL.m in Sources */,
			);
			runOnlyForDeploymentPostprocessing = 0;
		};
		212086E71D9602B200C6DB62 /* Sources */ = {
			isa = PBXSourcesBuildPhase;
			buildActionMask = 2147483647;
			files = (
				212086F11D9602B200C6DB62 /* IFUnicodeURLTests.m in Sources */,
			);
			runOnlyForDeploymentPostprocessing = 0;
		};
/* End PBXSourcesBuildPhase section */

/* Begin PBXTargetDependency section */
		212086EE1D9602B200C6DB62 /* PBXTargetDependency */ = {
			isa = PBXTargetDependency;
			target = 212086E11D9602B200C6DB62 /* IFUnicodeURL */;
			targetProxy = 212086ED1D9602B200C6DB62 /* PBXContainerItemProxy */;
		};
/* End PBXTargetDependency section */

/* Begin XCBuildConfiguration section */
		212086F41D9602B200C6DB62 /* Debug */ = {
			isa = XCBuildConfiguration;
			buildSettings = {
				ALWAYS_SEARCH_USER_PATHS = NO;
				CLANG_ANALYZER_NONNULL = YES;
				CLANG_CXX_LANGUAGE_STANDARD = "gnu++0x";
				CLANG_CXX_LIBRARY = "libc++";
				CLANG_ENABLE_MODULES = YES;
				CLANG_ENABLE_OBJC_ARC = YES;
				CLANG_WARN_BOOL_CONVERSION = YES;
				CLANG_WARN_CONSTANT_CONVERSION = YES;
				CLANG_WARN_DIRECT_OBJC_ISA_USAGE = YES_ERROR;
				CLANG_WARN_DOCUMENTATION_COMMENTS = YES;
				CLANG_WARN_EMPTY_BODY = YES;
				CLANG_WARN_ENUM_CONVERSION = YES;
				CLANG_WARN_INFINITE_RECURSION = YES;
				CLANG_WARN_INT_CONVERSION = YES;
				CLANG_WARN_OBJC_ROOT_CLASS = YES_ERROR;
				CLANG_WARN_SUSPICIOUS_MOVES = YES;
				CLANG_WARN_UNREACHABLE_CODE = YES;
				CLANG_WARN__DUPLICATE_METHOD_MATCH = YES;
				"CODE_SIGN_IDENTITY[sdk=iphoneos*]" = "iPhone Developer";
				COPY_PHASE_STRIP = NO;
				CURRENT_PROJECT_VERSION = 1;
				DEBUG_INFORMATION_FORMAT = dwarf;
				ENABLE_STRICT_OBJC_MSGSEND = YES;
				ENABLE_TESTABILITY = YES;
				GCC_C_LANGUAGE_STANDARD = gnu99;
				GCC_DYNAMIC_NO_PIC = NO;
				GCC_NO_COMMON_BLOCKS = YES;
				GCC_OPTIMIZATION_LEVEL = 0;
				GCC_PREPROCESSOR_DEFINITIONS = (
					"DEBUG=1",
					"$(inherited)",
				);
				GCC_WARN_64_TO_32_BIT_CONVERSION = YES;
				GCC_WARN_ABOUT_RETURN_TYPE = YES_ERROR;
				GCC_WARN_UNDECLARED_SELECTOR = YES;
				GCC_WARN_UNINITIALIZED_AUTOS = YES_AGGRESSIVE;
				GCC_WARN_UNUSED_FUNCTION = YES;
				GCC_WARN_UNUSED_VARIABLE = YES;
				IPHONEOS_DEPLOYMENT_TARGET = 10.0;
				MTL_ENABLE_DEBUG_INFO = YES;
				ONLY_ACTIVE_ARCH = YES;
				SDKROOT = iphoneos;
				TARGETED_DEVICE_FAMILY = "1,2";
				VERSIONING_SYSTEM = "apple-generic";
				VERSION_INFO_PREFIX = "";
			};
			name = Debug;
		};
		212086F51D9602B200C6DB62 /* Release */ = {
			isa = XCBuildConfiguration;
			buildSettings = {
				ALWAYS_SEARCH_USER_PATHS = NO;
				CLANG_ANALYZER_NONNULL = YES;
				CLANG_CXX_LANGUAGE_STANDARD = "gnu++0x";
				CLANG_CXX_LIBRARY = "libc++";
				CLANG_ENABLE_MODULES = YES;
				CLANG_ENABLE_OBJC_ARC = YES;
				CLANG_WARN_BOOL_CONVERSION = YES;
				CLANG_WARN_CONSTANT_CONVERSION = YES;
				CLANG_WARN_DIRECT_OBJC_ISA_USAGE = YES_ERROR;
				CLANG_WARN_DOCUMENTATION_COMMENTS = YES;
				CLANG_WARN_EMPTY_BODY = YES;
				CLANG_WARN_ENUM_CONVERSION = YES;
				CLANG_WARN_INFINITE_RECURSION = YES;
				CLANG_WARN_INT_CONVERSION = YES;
				CLANG_WARN_OBJC_ROOT_CLASS = YES_ERROR;
				CLANG_WARN_SUSPICIOUS_MOVES = YES;
				CLANG_WARN_UNREACHABLE_CODE = YES;
				CLANG_WARN__DUPLICATE_METHOD_MATCH = YES;
				"CODE_SIGN_IDENTITY[sdk=iphoneos*]" = "iPhone Developer";
				COPY_PHASE_STRIP = NO;
				CURRENT_PROJECT_VERSION = 1;
				DEBUG_INFORMATION_FORMAT = "dwarf-with-dsym";
				ENABLE_NS_ASSERTIONS = NO;
				ENABLE_STRICT_OBJC_MSGSEND = YES;
				GCC_C_LANGUAGE_STANDARD = gnu99;
				GCC_NO_COMMON_BLOCKS = YES;
				GCC_WARN_64_TO_32_BIT_CONVERSION = YES;
				GCC_WARN_ABOUT_RETURN_TYPE = YES_ERROR;
				GCC_WARN_UNDECLARED_SELECTOR = YES;
				GCC_WARN_UNINITIALIZED_AUTOS = YES_AGGRESSIVE;
				GCC_WARN_UNUSED_FUNCTION = YES;
				GCC_WARN_UNUSED_VARIABLE = YES;
				IPHONEOS_DEPLOYMENT_TARGET = 10.0;
				MTL_ENABLE_DEBUG_INFO = NO;
				SDKROOT = iphoneos;
				TARGETED_DEVICE_FAMILY = "1,2";
				VALIDATE_PRODUCT = YES;
				VERSIONING_SYSTEM = "apple-generic";
				VERSION_INFO_PREFIX = "";
			};
			name = Release;
		};
		212086F71D9602B200C6DB62 /* Debug */ = {
			isa = XCBuildConfiguration;
			buildSettings = {
				CODE_SIGN_IDENTITY = "";
				DEFINES_MODULE = YES;
				DEVELOPMENT_TEAM = 372S63A2R8;
				DYLIB_COMPATIBILITY_VERSION = 1;
				DYLIB_CURRENT_VERSION = 1;
				DYLIB_INSTALL_NAME_BASE = "@rpath";
				INFOPLIST_FILE = IFUnicodeURL/Info.plist;
				INSTALL_PATH = "$(LOCAL_LIBRARY_DIR)/Frameworks";
				LD_RUNPATH_SEARCH_PATHS = "$(inherited) @executable_path/Frameworks @loader_path/Frameworks";
				PRODUCT_BUNDLE_IDENTIFIER = com.goldenhillsoftware.IFUnicodeURL;
				PRODUCT_NAME = "$(TARGET_NAME)";
				SKIP_INSTALL = YES;
			};
			name = Debug;
		};
		212086F81D9602B200C6DB62 /* Release */ = {
			isa = XCBuildConfiguration;
			buildSettings = {
				CODE_SIGN_IDENTITY = "";
				DEFINES_MODULE = YES;
				DEVELOPMENT_TEAM = 372S63A2R8;
				DYLIB_COMPATIBILITY_VERSION = 1;
				DYLIB_CURRENT_VERSION = 1;
				DYLIB_INSTALL_NAME_BASE = "@rpath";
				INFOPLIST_FILE = IFUnicodeURL/Info.plist;
				INSTALL_PATH = "$(LOCAL_LIBRARY_DIR)/Frameworks";
				LD_RUNPATH_SEARCH_PATHS = "$(inherited) @executable_path/Frameworks @loader_path/Frameworks";
				PRODUCT_BUNDLE_IDENTIFIER = com.goldenhillsoftware.IFUnicodeURL;
				PRODUCT_NAME = "$(TARGET_NAME)";
				SKIP_INSTALL = YES;
			};
			name = Release;
		};
		212086FA1D9602B200C6DB62 /* Debug */ = {
			isa = XCBuildConfiguration;
			buildSettings = {
				DEVELOPMENT_TEAM = 372S63A2R8;
				INFOPLIST_FILE = IFUnicodeURLTests/Info.plist;
				LD_RUNPATH_SEARCH_PATHS = "$(inherited) @executable_path/Frameworks @loader_path/Frameworks";
				PRODUCT_BUNDLE_IDENTIFIER = com.goldenhillsoftware.IFUnicodeURLTests;
				PRODUCT_NAME = "$(TARGET_NAME)";
			};
			name = Debug;
		};
		212086FB1D9602B200C6DB62 /* Release */ = {
			isa = XCBuildConfiguration;
			buildSettings = {
				DEVELOPMENT_TEAM = 372S63A2R8;
				INFOPLIST_FILE = IFUnicodeURLTests/Info.plist;
				LD_RUNPATH_SEARCH_PATHS = "$(inherited) @executable_path/Frameworks @loader_path/Frameworks";
				PRODUCT_BUNDLE_IDENTIFIER = com.goldenhillsoftware.IFUnicodeURLTests;
				PRODUCT_NAME = "$(TARGET_NAME)";
			};
			name = Release;
		};
/* End XCBuildConfiguration section */

/* Begin XCConfigurationList section */
		212086DC1D9602B200C6DB62 /* Build configuration list for PBXProject "IFUnicodeURL" */ = {
			isa = XCConfigurationList;
			buildConfigurations = (
				212086F41D9602B200C6DB62 /* Debug */,
				212086F51D9602B200C6DB62 /* Release */,
			);
			defaultConfigurationIsVisible = 0;
			defaultConfigurationName = Release;
		};
		212086F61D9602B200C6DB62 /* Build configuration list for PBXNativeTarget "IFUnicodeURL" */ = {
			isa = XCConfigurationList;
			buildConfigurations = (
				212086F71D9602B200C6DB62 /* Debug */,
				212086F81D9602B200C6DB62 /* Release */,
			);
			defaultConfigurationIsVisible = 0;
		};
		212086F91D9602B200C6DB62 /* Build configuration list for PBXNativeTarget "IFUnicodeURLTests" */ = {
			isa = XCConfigurationList;
			buildConfigurations = (
				212086FA1D9602B200C6DB62 /* Debug */,
				212086FB1D9602B200C6DB62 /* Release */,
			);
			defaultConfigurationIsVisible = 0;
		};
/* End XCConfigurationList section */
	};
	rootObject = 212086D91D9602B200C6DB62 /* Project object */;
}
